<?xml version="1.0" encoding="utf-8"?>
<Project ToolsVersion="4.0" xmlns="http://schemas.microsoft.com/developer/msbuild/2003">
  <ItemGroup>
    <Filter Include="Scenes">
      <UniqueIdentifier>{0e3133c3-74e7-459b-a147-d0545d8e4e74}</UniqueIdentifier>
    </Filter>
  </ItemGroup>
  <ItemGroup>
    <ClInclude Include="jhLoadScene.h">
      <Filter>Scenes</Filter>
    </ClInclude>
    <ClInclude Include="jhPlayScene.h">
      <Filter>Scenes</Filter>
    </ClInclude>
  </ItemGroup>
  <ItemGroup>
    <ClCompile Include="jhPlayScene.cpp">
      <Filter>Scenes</Filter>
    </ClCompile>
  </ItemGroup>
</Project>