<?xml version="1.0" encoding="utf-8"?>
<Project ToolsVersion="4.0" xmlns="http://schemas.microsoft.com/developer/msbuild/2003">
  <ItemGroup>
    <ClInclude Include="jhLoadScene.h">
      <Filter>Scenes</Filter>
    </ClInclude>
    <ClInclude Include="jhTitleScene.h">
      <Filter>Scenes</Filter>
    </ClInclude>
    <ClInclude Include="jhPlayScene.h">
      <Filter>Scenes</Filter>
    </ClInclude>
    <ClInclude Include="jhLoadResources.h" />
    <ClInclude Include="jhSnake.h">
      <Filter>Contents</Filter>
    </ClInclude>
    <ClInclude Include="jhBackGround.h">
      <Filter>Contents</Filter>
    </ClInclude>
    <ClInclude Include="jhSnakeHead.h">
      <Filter>Contents</Filter>
    </ClInclude>
    <ClInclude Include="jhSnakeBody.h">
      <Filter>Contents</Filter>
    </ClInclude>
    <ClInclude Include="jhApple.h">
      <Filter>Contents\Item</Filter>
    </ClInclude>
    <ClInclude Include="jhItem.h">
      <Filter>Contents\Item</Filter>
    </ClInclude>
    <ClInclude Include="jhItemManager.h">
      <Filter>Contents\Item</Filter>
    </ClInclude>
  </ItemGroup>
  <ItemGroup>
    <ClCompile Include="jhPlayScene.cpp">
      <Filter>Scenes</Filter>
    </ClCompile>
    <ClCompile Include="jhTitleScene.cpp">
      <Filter>Scenes</Filter>
    </ClCompile>
    <ClCompile Include="jhSnake.cpp">
      <Filter>Contents</Filter>
    </ClCompile>
    <ClCompile Include="jhBackGround.cpp">
      <Filter>Contents</Filter>
    </ClCompile>
    <ClCompile Include="jhSnakeHead.cpp">
      <Filter>Contents</Filter>
    </ClCompile>
    <ClCompile Include="jhSnakeBody.cpp">
      <Filter>Contents</Filter>
    </ClCompile>
    <ClCompile Include="jhApple.cpp">
      <Filter>Contents\Item</Filter>
    </ClCompile>
    <ClCompile Include="jhItem.cpp">
      <Filter>Contents\Item</Filter>
    </ClCompile>
    <ClCompile Include="jhItemManager.cpp">
      <Filter>Contents\Item</Filter>
    </ClCompile>
  </ItemGroup>
  <ItemGroup>
    <Filter Include="Scenes">
      <UniqueIdentifier>{cd6d23d1-a486-4082-9ad1-74dbd32a73c2}</UniqueIdentifier>
    </Filter>
    <Filter Include="Contents">
      <UniqueIdentifier>{bc944e4e-4b8c-4e9a-9729-20e561247051}</UniqueIdentifier>
    </Filter>
    <Filter Include="Contents\Item">
      <UniqueIdentifier>{f6b578fe-a7c5-4745-81cb-11e20bb93674}</UniqueIdentifier>
    </Filter>
  </ItemGroup>
</Project>